{
  "name": "hire_me_plis",
  "lockfileVersion": 3,
  "requires": true,
  "packages": {
    "": {
      "dependencies": {
        "zod-v4": "^0.0.1"
      }
    },
    "node_modules/zod-v4": {
      "version": "0.0.1",
      "resolved": "https://registry.npmjs.org/zod-v4/-/zod-v4-0.0.1.tgz",
      "integrity": "sha512-vdwRu5hJrsjs7kOGiXXTPlehkz9FLWLh/P6+rh1Zjx5kAqtQh434DjFTW1Tk1YV8ZJK9abUHAMY7KIj4PYwI5Q==",
      "license": "MIT"
    }
  }
}
